// !$*UTF8*$!
{
	archiveVersion = 1;
	classes = {
	};
	objectVersion = 55;
	objects = {

/* Begin PBXBuildFile section */
		7C51024127A4115200037EE6 /* CombineSchedulers in Frameworks */ = {isa = PBXBuildFile; productRef = 7C51024027A4115200037EE6 /* CombineSchedulers */; };
		7C51024327A4115B00037EE6 /* CombineSchedulers in Frameworks */ = {isa = PBXBuildFile; productRef = 7C51024227A4115B00037EE6 /* CombineSchedulers */; };
		7C51024527A811DF00037EE6 /* ExamplesRedux.swift in Sources */ = {isa = PBXBuildFile; fileRef = 7C51024427A811DF00037EE6 /* ExamplesRedux.swift */; };
		7C51024627A811DF00037EE6 /* ExamplesRedux.swift in Sources */ = {isa = PBXBuildFile; fileRef = 7C51024427A811DF00037EE6 /* ExamplesRedux.swift */; };
		7C51024827A8126D00037EE6 /* ExamplesData.swift in Sources */ = {isa = PBXBuildFile; fileRef = 7C51024727A8126D00037EE6 /* ExamplesData.swift */; };
		7C51024927A8126D00037EE6 /* ExamplesData.swift in Sources */ = {isa = PBXBuildFile; fileRef = 7C51024727A8126D00037EE6 /* ExamplesData.swift */; };
		7C51025127AAAEAE00037EE6 /* ExampleTests.swift in Sources */ = {isa = PBXBuildFile; fileRef = 7C51025027AAAEAE00037EE6 /* ExampleTests.swift */; };
		7CF4CC3527A2CC2E003CE16F /* ExampleApp.swift in Sources */ = {isa = PBXBuildFile; fileRef = 7CF4CC2527A2CC2B003CE16F /* ExampleApp.swift */; };
		7CF4CC3627A2CC2E003CE16F /* ExampleApp.swift in Sources */ = {isa = PBXBuildFile; fileRef = 7CF4CC2527A2CC2B003CE16F /* ExampleApp.swift */; };
		7CF4CC3727A2CC2E003CE16F /* ExamplesView.swift in Sources */ = {isa = PBXBuildFile; fileRef = 7CF4CC2627A2CC2B003CE16F /* ExamplesView.swift */; };
		7CF4CC3827A2CC2E003CE16F /* ExamplesView.swift in Sources */ = {isa = PBXBuildFile; fileRef = 7CF4CC2627A2CC2B003CE16F /* ExamplesView.swift */; };
		7CF4CC3927A2CC2E003CE16F /* Assets.xcassets in Resources */ = {isa = PBXBuildFile; fileRef = 7CF4CC2727A2CC2E003CE16F /* Assets.xcassets */; };
		7CF4CC3A27A2CC2E003CE16F /* Assets.xcassets in Resources */ = {isa = PBXBuildFile; fileRef = 7CF4CC2727A2CC2E003CE16F /* Assets.xcassets */; };
		7CF4CC4A27A2CFD8003CE16F /* Ducks in Frameworks */ = {isa = PBXBuildFile; productRef = 7CF4CC4927A2CFD8003CE16F /* Ducks */; };
		7CF4CC4C27A2CFDF003CE16F /* Ducks in Frameworks */ = {isa = PBXBuildFile; productRef = 7CF4CC4B27A2CFDF003CE16F /* Ducks */; };
/* End PBXBuildFile section */

/* Begin PBXContainerItemProxy section */
		7C51025227AAAEAE00037EE6 /* PBXContainerItemProxy */ = {
			isa = PBXContainerItemProxy;
			containerPortal = 7CF4CC2027A2CC2B003CE16F /* Project object */;
			proxyType = 1;
			remoteGlobalIDString = 7CF4CC2B27A2CC2E003CE16F;
			remoteInfo = "Example (iOS)";
		};
/* End PBXContainerItemProxy section */

/* Begin PBXFileReference section */
		7C51024427A811DF00037EE6 /* ExamplesRedux.swift */ = {isa = PBXFileReference; lastKnownFileType = sourcecode.swift; path = ExamplesRedux.swift; sourceTree = "<group>"; };
		7C51024727A8126D00037EE6 /* ExamplesData.swift */ = {isa = PBXFileReference; lastKnownFileType = sourcecode.swift; path = ExamplesData.swift; sourceTree = "<group>"; };
		7C51024E27AAAEAE00037EE6 /* ExampleTests.xctest */ = {isa = PBXFileReference; explicitFileType = wrapper.cfbundle; includeInIndex = 0; path = ExampleTests.xctest; sourceTree = BUILT_PRODUCTS_DIR; };
		7C51025027AAAEAE00037EE6 /* ExampleTests.swift */ = {isa = PBXFileReference; lastKnownFileType = sourcecode.swift; path = ExampleTests.swift; sourceTree = "<group>"; };
		7CF4CC2527A2CC2B003CE16F /* ExampleApp.swift */ = {isa = PBXFileReference; lastKnownFileType = sourcecode.swift; path = ExampleApp.swift; sourceTree = "<group>"; };
		7CF4CC2627A2CC2B003CE16F /* ExamplesView.swift */ = {isa = PBXFileReference; lastKnownFileType = sourcecode.swift; path = ExamplesView.swift; sourceTree = "<group>"; };
		7CF4CC2727A2CC2E003CE16F /* Assets.xcassets */ = {isa = PBXFileReference; lastKnownFileType = folder.assetcatalog; path = Assets.xcassets; sourceTree = "<group>"; };
		7CF4CC2C27A2CC2E003CE16F /* Example.app */ = {isa = PBXFileReference; explicitFileType = wrapper.application; includeInIndex = 0; path = Example.app; sourceTree = BUILT_PRODUCTS_DIR; };
		7CF4CC3227A2CC2E003CE16F /* Example.app */ = {isa = PBXFileReference; explicitFileType = wrapper.application; includeInIndex = 0; path = Example.app; sourceTree = BUILT_PRODUCTS_DIR; };
		7CF4CC3427A2CC2E003CE16F /* macOS.entitlements */ = {isa = PBXFileReference; lastKnownFileType = text.plist.entitlements; path = macOS.entitlements; sourceTree = "<group>"; };
		7CF4CC4727A2CFB5003CE16F /* Ducks */ = {isa = PBXFileReference; lastKnownFileType = wrapper; name = Ducks; path = ..; sourceTree = "<group>"; };
/* End PBXFileReference section */

/* Begin PBXFrameworksBuildPhase section */
		7C51024B27AAAEAE00037EE6 /* Frameworks */ = {
			isa = PBXFrameworksBuildPhase;
			buildActionMask = 2147483647;
			files = (
			);
			runOnlyForDeploymentPostprocessing = 0;
		};
		7CF4CC2927A2CC2E003CE16F /* Frameworks */ = {
			isa = PBXFrameworksBuildPhase;
			buildActionMask = 2147483647;
			files = (
				7C51024127A4115200037EE6 /* CombineSchedulers in Frameworks */,
				7CF4CC4A27A2CFD8003CE16F /* Ducks in Frameworks */,
			);
			runOnlyForDeploymentPostprocessing = 0;
		};
		7CF4CC2F27A2CC2E003CE16F /* Frameworks */ = {
			isa = PBXFrameworksBuildPhase;
			buildActionMask = 2147483647;
			files = (
				7C51024327A4115B00037EE6 /* CombineSchedulers in Frameworks */,
				7CF4CC4C27A2CFDF003CE16F /* Ducks in Frameworks */,
			);
			runOnlyForDeploymentPostprocessing = 0;
		};
/* End PBXFrameworksBuildPhase section */

/* Begin PBXGroup section */
		7C51024F27AAAEAE00037EE6 /* ExampleTests */ = {
			isa = PBXGroup;
			children = (
				7C51025027AAAEAE00037EE6 /* ExampleTests.swift */,
			);
			path = ExampleTests;
			sourceTree = "<group>";
		};
		7CF4CC1F27A2CC2B003CE16F = {
			isa = PBXGroup;
			children = (
				7CF4CC4627A2CFB5003CE16F /* Packages */,
				7CF4CC2427A2CC2B003CE16F /* Shared */,
				7CF4CC3327A2CC2E003CE16F /* macOS */,
				7C51024F27AAAEAE00037EE6 /* ExampleTests */,
				7CF4CC2D27A2CC2E003CE16F /* Products */,
				7CF4CC4827A2CFD8003CE16F /* Frameworks */,
			);
			indentWidth = 2;
			sourceTree = "<group>";
			tabWidth = 2;
		};
		7CF4CC2427A2CC2B003CE16F /* Shared */ = {
			isa = PBXGroup;
			children = (
				7CF4CC2527A2CC2B003CE16F /* ExampleApp.swift */,
				7CF4CC2627A2CC2B003CE16F /* ExamplesView.swift */,
				7C51024427A811DF00037EE6 /* ExamplesRedux.swift */,
				7C51024727A8126D00037EE6 /* ExamplesData.swift */,
				7CF4CC2727A2CC2E003CE16F /* Assets.xcassets */,
			);
			path = Shared;
			sourceTree = "<group>";
		};
		7CF4CC2D27A2CC2E003CE16F /* Products */ = {
			isa = PBXGroup;
			children = (
				7CF4CC2C27A2CC2E003CE16F /* Example.app */,
				7CF4CC3227A2CC2E003CE16F /* Example.app */,
				7C51024E27AAAEAE00037EE6 /* ExampleTests.xctest */,
			);
			name = Products;
			sourceTree = "<group>";
		};
		7CF4CC3327A2CC2E003CE16F /* macOS */ = {
			isa = PBXGroup;
			children = (
				7CF4CC3427A2CC2E003CE16F /* macOS.entitlements */,
			);
			path = macOS;
			sourceTree = "<group>";
		};
		7CF4CC4627A2CFB5003CE16F /* Packages */ = {
			isa = PBXGroup;
			children = (
				7CF4CC4727A2CFB5003CE16F /* Ducks */,
			);
			name = Packages;
			sourceTree = "<group>";
		};
		7CF4CC4827A2CFD8003CE16F /* Frameworks */ = {
			isa = PBXGroup;
			children = (
			);
			name = Frameworks;
			sourceTree = "<group>";
		};
/* End PBXGroup section */

/* Begin PBXNativeTarget section */
		7C51024D27AAAEAE00037EE6 /* ExampleTests */ = {
			isa = PBXNativeTarget;
			buildConfigurationList = 7C51025427AAAEAE00037EE6 /* Build configuration list for PBXNativeTarget "ExampleTests" */;
			buildPhases = (
				7C51024A27AAAEAE00037EE6 /* Sources */,
				7C51024B27AAAEAE00037EE6 /* Frameworks */,
				7C51024C27AAAEAE00037EE6 /* Resources */,
			);
			buildRules = (
			);
			dependencies = (
				7C51025327AAAEAE00037EE6 /* PBXTargetDependency */,
			);
			name = ExampleTests;
			productName = ExampleTests;
			productReference = 7C51024E27AAAEAE00037EE6 /* ExampleTests.xctest */;
			productType = "com.apple.product-type.bundle.unit-test";
		};
		7CF4CC2B27A2CC2E003CE16F /* Example (iOS) */ = {
			isa = PBXNativeTarget;
			buildConfigurationList = 7CF4CC3D27A2CC2E003CE16F /* Build configuration list for PBXNativeTarget "Example (iOS)" */;
			buildPhases = (
				7CF4CC2827A2CC2E003CE16F /* Sources */,
				7CF4CC2927A2CC2E003CE16F /* Frameworks */,
				7CF4CC2A27A2CC2E003CE16F /* Resources */,
			);
			buildRules = (
			);
			dependencies = (
			);
			name = "Example (iOS)";
			packageProductDependencies = (
				7CF4CC4927A2CFD8003CE16F /* Ducks */,
				7C51024027A4115200037EE6 /* CombineSchedulers */,
			);
			productName = "Example (iOS)";
			productReference = 7CF4CC2C27A2CC2E003CE16F /* Example.app */;
			productType = "com.apple.product-type.application";
		};
		7CF4CC3127A2CC2E003CE16F /* Example (macOS) */ = {
			isa = PBXNativeTarget;
			buildConfigurationList = 7CF4CC4027A2CC2E003CE16F /* Build configuration list for PBXNativeTarget "Example (macOS)" */;
			buildPhases = (
				7CF4CC2E27A2CC2E003CE16F /* Sources */,
				7CF4CC2F27A2CC2E003CE16F /* Frameworks */,
				7CF4CC3027A2CC2E003CE16F /* Resources */,
			);
			buildRules = (
			);
			dependencies = (
			);
			name = "Example (macOS)";
			packageProductDependencies = (
				7CF4CC4B27A2CFDF003CE16F /* Ducks */,
				7C51024227A4115B00037EE6 /* CombineSchedulers */,
			);
			productName = "Example (macOS)";
			productReference = 7CF4CC3227A2CC2E003CE16F /* Example.app */;
			productType = "com.apple.product-type.application";
		};
/* End PBXNativeTarget section */

/* Begin PBXProject section */
		7CF4CC2027A2CC2B003CE16F /* Project object */ = {
			isa = PBXProject;
			attributes = {
				BuildIndependentTargetsInParallel = 1;
				LastSwiftUpdateCheck = 1320;
				LastUpgradeCheck = 1320;
				TargetAttributes = {
					7C51024D27AAAEAE00037EE6 = {
						CreatedOnToolsVersion = 13.2;
						TestTargetID = 7CF4CC2B27A2CC2E003CE16F;
					};
					7CF4CC2B27A2CC2E003CE16F = {
						CreatedOnToolsVersion = 13.2;
					};
					7CF4CC3127A2CC2E003CE16F = {
						CreatedOnToolsVersion = 13.2;
					};
				};
			};
			buildConfigurationList = 7CF4CC2327A2CC2B003CE16F /* Build configuration list for PBXProject "Example" */;
			compatibilityVersion = "Xcode 13.0";
			developmentRegion = en;
			hasScannedForEncodings = 0;
			knownRegions = (
				en,
				Base,
			);
			mainGroup = 7CF4CC1F27A2CC2B003CE16F;
			packageReferences = (
				7C51023F27A4115200037EE6 /* XCRemoteSwiftPackageReference "combine-schedulers" */,
			);
			productRefGroup = 7CF4CC2D27A2CC2E003CE16F /* Products */;
			projectDirPath = "";
			projectRoot = "";
			targets = (
				7CF4CC2B27A2CC2E003CE16F /* Example (iOS) */,
				7CF4CC3127A2CC2E003CE16F /* Example (macOS) */,
				7C51024D27AAAEAE00037EE6 /* ExampleTests */,
			);
		};
/* End PBXProject section */

/* Begin PBXResourcesBuildPhase section */
		7C51024C27AAAEAE00037EE6 /* Resources */ = {
			isa = PBXResourcesBuildPhase;
			buildActionMask = 2147483647;
			files = (
			);
			runOnlyForDeploymentPostprocessing = 0;
		};
		7CF4CC2A27A2CC2E003CE16F /* Resources */ = {
			isa = PBXResourcesBuildPhase;
			buildActionMask = 2147483647;
			files = (
				7CF4CC3927A2CC2E003CE16F /* Assets.xcassets in Resources */,
			);
			runOnlyForDeploymentPostprocessing = 0;
		};
		7CF4CC3027A2CC2E003CE16F /* Resources */ = {
			isa = PBXResourcesBuildPhase;
			buildActionMask = 2147483647;
			files = (
				7CF4CC3A27A2CC2E003CE16F /* Assets.xcassets in Resources */,
			);
			runOnlyForDeploymentPostprocessing = 0;
		};
/* End PBXResourcesBuildPhase section */

/* Begin PBXSourcesBuildPhase section */
		7C51024A27AAAEAE00037EE6 /* Sources */ = {
			isa = PBXSourcesBuildPhase;
			buildActionMask = 2147483647;
			files = (
				7C51025127AAAEAE00037EE6 /* ExampleTests.swift in Sources */,
			);
			runOnlyForDeploymentPostprocessing = 0;
		};
		7CF4CC2827A2CC2E003CE16F /* Sources */ = {
			isa = PBXSourcesBuildPhase;
			buildActionMask = 2147483647;
			files = (
				7CF4CC3727A2CC2E003CE16F /* ExamplesView.swift in Sources */,
				7C51024527A811DF00037EE6 /* ExamplesRedux.swift in Sources */,
				7C51024827A8126D00037EE6 /* ExamplesData.swift in Sources */,
				7CF4CC3527A2CC2E003CE16F /* ExampleApp.swift in Sources */,
			);
			runOnlyForDeploymentPostprocessing = 0;
		};
		7CF4CC2E27A2CC2E003CE16F /* Sources */ = {
			isa = PBXSourcesBuildPhase;
			buildActionMask = 2147483647;
			files = (
				7CF4CC3827A2CC2E003CE16F /* ExamplesView.swift in Sources */,
				7C51024627A811DF00037EE6 /* ExamplesRedux.swift in Sources */,
				7C51024927A8126D00037EE6 /* ExamplesData.swift in Sources */,
				7CF4CC3627A2CC2E003CE16F /* ExampleApp.swift in Sources */,
			);
			runOnlyForDeploymentPostprocessing = 0;
		};
/* End PBXSourcesBuildPhase section */

/* Begin PBXTargetDependency section */
		7C51025327AAAEAE00037EE6 /* PBXTargetDependency */ = {
			isa = PBXTargetDependency;
			target = 7CF4CC2B27A2CC2E003CE16F /* Example (iOS) */;
			targetProxy = 7C51025227AAAEAE00037EE6 /* PBXContainerItemProxy */;
		};
/* End PBXTargetDependency section */

/* Begin XCBuildConfiguration section */
		7C51025527AAAEAE00037EE6 /* Debug */ = {
			isa = XCBuildConfiguration;
			buildSettings = {
				BUNDLE_LOADER = "$(TEST_HOST)";
				CODE_SIGN_STYLE = Automatic;
				CURRENT_PROJECT_VERSION = 1;
				DEVELOPMENT_TEAM = GAPQH4AM76;
				GENERATE_INFOPLIST_FILE = YES;
				IPHONEOS_DEPLOYMENT_TARGET = 15.2;
				MARKETING_VERSION = 1.0;
				PRODUCT_BUNDLE_IDENTIFIER = com.zero.ducks.ExampleTests;
				PRODUCT_NAME = "$(TARGET_NAME)";
				SDKROOT = iphoneos;
				SWIFT_EMIT_LOC_STRINGS = NO;
				SWIFT_VERSION = 5.0;
				TARGETED_DEVICE_FAMILY = "1,2";
				TEST_HOST = "$(BUILT_PRODUCTS_DIR)/Example.app/Example";
			};
			name = Debug;
		};
		7C51025627AAAEAE00037EE6 /* Release */ = {
			isa = XCBuildConfiguration;
			buildSettings = {
				BUNDLE_LOADER = "$(TEST_HOST)";
				CODE_SIGN_STYLE = Automatic;
				CURRENT_PROJECT_VERSION = 1;
				DEVELOPMENT_TEAM = GAPQH4AM76;
				GENERATE_INFOPLIST_FILE = YES;
				IPHONEOS_DEPLOYMENT_TARGET = 15.2;
				MARKETING_VERSION = 1.0;
				PRODUCT_BUNDLE_IDENTIFIER = com.zero.ducks.ExampleTests;
				PRODUCT_NAME = "$(TARGET_NAME)";
				SDKROOT = iphoneos;
				SWIFT_EMIT_LOC_STRINGS = NO;
				SWIFT_VERSION = 5.0;
				TARGETED_DEVICE_FAMILY = "1,2";
				TEST_HOST = "$(BUILT_PRODUCTS_DIR)/Example.app/Example";
				VALIDATE_PRODUCT = YES;
			};
			name = Release;
		};
		7CF4CC3B27A2CC2E003CE16F /* Debug */ = {
			isa = XCBuildConfiguration;
			buildSettings = {
				ALWAYS_SEARCH_USER_PATHS = NO;
				CLANG_ANALYZER_NONNULL = YES;
				CLANG_ANALYZER_NUMBER_OBJECT_CONVERSION = YES_AGGRESSIVE;
				CLANG_CXX_LANGUAGE_STANDARD = "gnu++17";
				CLANG_CXX_LIBRARY = "libc++";
				CLANG_ENABLE_MODULES = YES;
				CLANG_ENABLE_OBJC_ARC = YES;
				CLANG_ENABLE_OBJC_WEAK = YES;
				CLANG_WARN_BLOCK_CAPTURE_AUTORELEASING = YES;
				CLANG_WARN_BOOL_CONVERSION = YES;
				CLANG_WARN_COMMA = YES;
				CLANG_WARN_CONSTANT_CONVERSION = YES;
				CLANG_WARN_DEPRECATED_OBJC_IMPLEMENTATIONS = YES;
				CLANG_WARN_DIRECT_OBJC_ISA_USAGE = YES_ERROR;
				CLANG_WARN_DOCUMENTATION_COMMENTS = YES;
				CLANG_WARN_EMPTY_BODY = YES;
				CLANG_WARN_ENUM_CONVERSION = YES;
				CLANG_WARN_INFINITE_RECURSION = YES;
				CLANG_WARN_INT_CONVERSION = YES;
				CLANG_WARN_NON_LITERAL_NULL_CONVERSION = YES;
				CLANG_WARN_OBJC_IMPLICIT_RETAIN_SELF = YES;
				CLANG_WARN_OBJC_LITERAL_CONVERSION = YES;
				CLANG_WARN_OBJC_ROOT_CLASS = YES_ERROR;
				CLANG_WARN_QUOTED_INCLUDE_IN_FRAMEWORK_HEADER = YES;
				CLANG_WARN_RANGE_LOOP_ANALYSIS = YES;
				CLANG_WARN_STRICT_PROTOTYPES = YES;
				CLANG_WARN_SUSPICIOUS_MOVE = YES;
				CLANG_WARN_UNGUARDED_AVAILABILITY = YES_AGGRESSIVE;
				CLANG_WARN_UNREACHABLE_CODE = YES;
				CLANG_WARN__DUPLICATE_METHOD_MATCH = YES;
				COPY_PHASE_STRIP = NO;
				DEBUG_INFORMATION_FORMAT = dwarf;
				ENABLE_STRICT_OBJC_MSGSEND = YES;
				ENABLE_TESTABILITY = YES;
				GCC_C_LANGUAGE_STANDARD = gnu11;
				GCC_DYNAMIC_NO_PIC = NO;
				GCC_NO_COMMON_BLOCKS = YES;
				GCC_OPTIMIZATION_LEVEL = 0;
				GCC_PREPROCESSOR_DEFINITIONS = (
					"DEBUG=1",
					"$(inherited)",
				);
				GCC_WARN_64_TO_32_BIT_CONVERSION = YES;
				GCC_WARN_ABOUT_RETURN_TYPE = YES_ERROR;
				GCC_WARN_UNDECLARED_SELECTOR = YES;
				GCC_WARN_UNINITIALIZED_AUTOS = YES_AGGRESSIVE;
				GCC_WARN_UNUSED_FUNCTION = YES;
				GCC_WARN_UNUSED_VARIABLE = YES;
				MTL_ENABLE_DEBUG_INFO = INCLUDE_SOURCE;
				MTL_FAST_MATH = YES;
				ONLY_ACTIVE_ARCH = YES;
				SWIFT_ACTIVE_COMPILATION_CONDITIONS = DEBUG;
				SWIFT_OPTIMIZATION_LEVEL = "-Onone";
			};
			name = Debug;
		};
		7CF4CC3C27A2CC2E003CE16F /* Release */ = {
			isa = XCBuildConfiguration;
			buildSettings = {
				ALWAYS_SEARCH_USER_PATHS = NO;
				CLANG_ANALYZER_NONNULL = YES;
				CLANG_ANALYZER_NUMBER_OBJECT_CONVERSION = YES_AGGRESSIVE;
				CLANG_CXX_LANGUAGE_STANDARD = "gnu++17";
				CLANG_CXX_LIBRARY = "libc++";
				CLANG_ENABLE_MODULES = YES;
				CLANG_ENABLE_OBJC_ARC = YES;
				CLANG_ENABLE_OBJC_WEAK = YES;
				CLANG_WARN_BLOCK_CAPTURE_AUTORELEASING = YES;
				CLANG_WARN_BOOL_CONVERSION = YES;
				CLANG_WARN_COMMA = YES;
				CLANG_WARN_CONSTANT_CONVERSION = YES;
				CLANG_WARN_DEPRECATED_OBJC_IMPLEMENTATIONS = YES;
				CLANG_WARN_DIRECT_OBJC_ISA_USAGE = YES_ERROR;
				CLANG_WARN_DOCUMENTATION_COMMENTS = YES;
				CLANG_WARN_EMPTY_BODY = YES;
				CLANG_WARN_ENUM_CONVERSION = YES;
				CLANG_WARN_INFINITE_RECURSION = YES;
				CLANG_WARN_INT_CONVERSION = YES;
				CLANG_WARN_NON_LITERAL_NULL_CONVERSION = YES;
				CLANG_WARN_OBJC_IMPLICIT_RETAIN_SELF = YES;
				CLANG_WARN_OBJC_LITERAL_CONVERSION = YES;
				CLANG_WARN_OBJC_ROOT_CLASS = YES_ERROR;
				CLANG_WARN_QUOTED_INCLUDE_IN_FRAMEWORK_HEADER = YES;
				CLANG_WARN_RANGE_LOOP_ANALYSIS = YES;
				CLANG_WARN_STRICT_PROTOTYPES = YES;
				CLANG_WARN_SUSPICIOUS_MOVE = YES;
				CLANG_WARN_UNGUARDED_AVAILABILITY = YES_AGGRESSIVE;
				CLANG_WARN_UNREACHABLE_CODE = YES;
				CLANG_WARN__DUPLICATE_METHOD_MATCH = YES;
				COPY_PHASE_STRIP = NO;
				DEBUG_INFORMATION_FORMAT = "dwarf-with-dsym";
				ENABLE_NS_ASSERTIONS = NO;
				ENABLE_STRICT_OBJC_MSGSEND = YES;
				GCC_C_LANGUAGE_STANDARD = gnu11;
				GCC_NO_COMMON_BLOCKS = YES;
				GCC_WARN_64_TO_32_BIT_CONVERSION = YES;
				GCC_WARN_ABOUT_RETURN_TYPE = YES_ERROR;
				GCC_WARN_UNDECLARED_SELECTOR = YES;
				GCC_WARN_UNINITIALIZED_AUTOS = YES_AGGRESSIVE;
				GCC_WARN_UNUSED_FUNCTION = YES;
				GCC_WARN_UNUSED_VARIABLE = YES;
				MTL_ENABLE_DEBUG_INFO = NO;
				MTL_FAST_MATH = YES;
				SWIFT_COMPILATION_MODE = wholemodule;
				SWIFT_OPTIMIZATION_LEVEL = "-O";
			};
			name = Release;
		};
		7CF4CC3E27A2CC2E003CE16F /* Debug */ = {
			isa = XCBuildConfiguration;
			buildSettings = {
				ASSETCATALOG_COMPILER_APPICON_NAME = AppIcon;
				ASSETCATALOG_COMPILER_GLOBAL_ACCENT_COLOR_NAME = AccentColor;
				CODE_SIGN_STYLE = Automatic;
				CURRENT_PROJECT_VERSION = 1;
				DEVELOPMENT_TEAM = GAPQH4AM76;
				ENABLE_PREVIEWS = YES;
				GENERATE_INFOPLIST_FILE = YES;
				INFOPLIST_KEY_UIApplicationSceneManifest_Generation = YES;
				INFOPLIST_KEY_UIApplicationSupportsIndirectInputEvents = YES;
				INFOPLIST_KEY_UILaunchScreen_Generation = YES;
				INFOPLIST_KEY_UISupportedInterfaceOrientations_iPad = "UIInterfaceOrientationPortrait UIInterfaceOrientationPortraitUpsideDown UIInterfaceOrientationLandscapeLeft UIInterfaceOrientationLandscapeRight";
				INFOPLIST_KEY_UISupportedInterfaceOrientations_iPhone = "UIInterfaceOrientationPortrait UIInterfaceOrientationLandscapeLeft UIInterfaceOrientationLandscapeRight";
				IPHONEOS_DEPLOYMENT_TARGET = 15.2;
				LD_RUNPATH_SEARCH_PATHS = (
					"$(inherited)",
					"@executable_path/Frameworks",
				);
				MARKETING_VERSION = 1.0;
				PRODUCT_BUNDLE_IDENTIFIER = com.zero.ducks.Example;
				PRODUCT_NAME = Example;
				SDKROOT = iphoneos;
				SWIFT_EMIT_LOC_STRINGS = YES;
				SWIFT_VERSION = 5.0;
				TARGETED_DEVICE_FAMILY = "1,2";
			};
			name = Debug;
		};
		7CF4CC3F27A2CC2E003CE16F /* Release */ = {
			isa = XCBuildConfiguration;
			buildSettings = {
				ASSETCATALOG_COMPILER_APPICON_NAME = AppIcon;
				ASSETCATALOG_COMPILER_GLOBAL_ACCENT_COLOR_NAME = AccentColor;
				CODE_SIGN_STYLE = Automatic;
				CURRENT_PROJECT_VERSION = 1;
				DEVELOPMENT_TEAM = GAPQH4AM76;
				ENABLE_PREVIEWS = YES;
				GENERATE_INFOPLIST_FILE = YES;
				INFOPLIST_KEY_UIApplicationSceneManifest_Generation = YES;
				INFOPLIST_KEY_UIApplicationSupportsIndirectInputEvents = YES;
				INFOPLIST_KEY_UILaunchScreen_Generation = YES;
				INFOPLIST_KEY_UISupportedInterfaceOrientations_iPad = "UIInterfaceOrientationPortrait UIInterfaceOrientationPortraitUpsideDown UIInterfaceOrientationLandscapeLeft UIInterfaceOrientationLandscapeRight";
				INFOPLIST_KEY_UISupportedInterfaceOrientations_iPhone = "UIInterfaceOrientationPortrait UIInterfaceOrientationLandscapeLeft UIInterfaceOrientationLandscapeRight";
				IPHONEOS_DEPLOYMENT_TARGET = 15.2;
				LD_RUNPATH_SEARCH_PATHS = (
					"$(inherited)",
					"@executable_path/Frameworks",
				);
				MARKETING_VERSION = 1.0;
				PRODUCT_BUNDLE_IDENTIFIER = com.zero.ducks.Example;
				PRODUCT_NAME = Example;
				SDKROOT = iphoneos;
				SWIFT_EMIT_LOC_STRINGS = YES;
				SWIFT_VERSION = 5.0;
				TARGETED_DEVICE_FAMILY = "1,2";
				VALIDATE_PRODUCT = YES;
			};
			name = Release;
		};
		7CF4CC4127A2CC2E003CE16F /* Debug */ = {
			isa = XCBuildConfiguration;
			buildSettings = {
				ASSETCATALOG_COMPILER_APPICON_NAME = AppIcon;
				ASSETCATALOG_COMPILER_GLOBAL_ACCENT_COLOR_NAME = AccentColor;
				CODE_SIGN_ENTITLEMENTS = macOS/macOS.entitlements;
				CODE_SIGN_STYLE = Automatic;
				COMBINE_HIDPI_IMAGES = YES;
				CURRENT_PROJECT_VERSION = 1;
				DEVELOPMENT_TEAM = GAPQH4AM76;
				ENABLE_HARDENED_RUNTIME = YES;
				ENABLE_PREVIEWS = YES;
				GENERATE_INFOPLIST_FILE = YES;
				INFOPLIST_KEY_NSHumanReadableCopyright = "";
				LD_RUNPATH_SEARCH_PATHS = (
					"$(inherited)",
					"@executable_path/../Frameworks",
				);
				MACOSX_DEPLOYMENT_TARGET = 12.1;
				MARKETING_VERSION = 1.0;
				PRODUCT_BUNDLE_IDENTIFIER = com.zero.ducks.Example;
				PRODUCT_NAME = Example;
				SDKROOT = macosx;
				SWIFT_EMIT_LOC_STRINGS = YES;
				SWIFT_VERSION = 5.0;
			};
			name = Debug;
		};
		7CF4CC4227A2CC2E003CE16F /* Release */ = {
			isa = XCBuildConfiguration;
			buildSettings = {
				ASSETCATALOG_COMPILER_APPICON_NAME = AppIcon;
				ASSETCATALOG_COMPILER_GLOBAL_ACCENT_COLOR_NAME = AccentColor;
				CODE_SIGN_ENTITLEMENTS = macOS/macOS.entitlements;
				CODE_SIGN_STYLE = Automatic;
				COMBINE_HIDPI_IMAGES = YES;
				CURRENT_PROJECT_VERSION = 1;
				DEVELOPMENT_TEAM = GAPQH4AM76;
				ENABLE_HARDENED_RUNTIME = YES;
				ENABLE_PREVIEWS = YES;
				GENERATE_INFOPLIST_FILE = YES;
				INFOPLIST_KEY_NSHumanReadableCopyright = "";
				LD_RUNPATH_SEARCH_PATHS = (
					"$(inherited)",
					"@executable_path/../Frameworks",
				);
				MACOSX_DEPLOYMENT_TARGET = 12.1;
				MARKETING_VERSION = 1.0;
				PRODUCT_BUNDLE_IDENTIFIER = com.zero.ducks.Example;
				PRODUCT_NAME = Example;
				SDKROOT = macosx;
				SWIFT_EMIT_LOC_STRINGS = YES;
				SWIFT_VERSION = 5.0;
			};
			name = Release;
		};
/* End XCBuildConfiguration section */

/* Begin XCConfigurationList section */
		7C51025427AAAEAE00037EE6 /* Build configuration list for PBXNativeTarget "ExampleTests" */ = {
			isa = XCConfigurationList;
			buildConfigurations = (
				7C51025527AAAEAE00037EE6 /* Debug */,
				7C51025627AAAEAE00037EE6 /* Release */,
			);
			defaultConfigurationIsVisible = 0;
			defaultConfigurationName = Release;
		};
		7CF4CC2327A2CC2B003CE16F /* Build configuration list for PBXProject "Example" */ = {
			isa = XCConfigurationList;
			buildConfigurations = (
				7CF4CC3B27A2CC2E003CE16F /* Debug */,
				7CF4CC3C27A2CC2E003CE16F /* Release */,
			);
			defaultConfigurationIsVisible = 0;
			defaultConfigurationName = Release;
		};
		7CF4CC3D27A2CC2E003CE16F /* Build configuration list for PBXNativeTarget "Example (iOS)" */ = {
			isa = XCConfigurationList;
			buildConfigurations = (
				7CF4CC3E27A2CC2E003CE16F /* Debug */,
				7CF4CC3F27A2CC2E003CE16F /* Release */,
			);
			defaultConfigurationIsVisible = 0;
			defaultConfigurationName = Release;
		};
		7CF4CC4027A2CC2E003CE16F /* Build configuration list for PBXNativeTarget "Example (macOS)" */ = {
			isa = XCConfigurationList;
			buildConfigurations = (
				7CF4CC4127A2CC2E003CE16F /* Debug */,
				7CF4CC4227A2CC2E003CE16F /* Release */,
			);
			defaultConfigurationIsVisible = 0;
			defaultConfigurationName = Release;
		};
/* End XCConfigurationList section */

/* Begin XCRemoteSwiftPackageReference section */
		7C51023F27A4115200037EE6 /* XCRemoteSwiftPackageReference "combine-schedulers" */ = {
			isa = XCRemoteSwiftPackageReference;
			repositoryURL = "https://github.com/pointfreeco/combine-schedulers";
			requirement = {
				kind = upToNextMajorVersion;
				minimumVersion = 0.5.3;
			};
		};
/* End XCRemoteSwiftPackageReference section */

/* Begin XCSwiftPackageProductDependency section */
		7C51024027A4115200037EE6 /* CombineSchedulers */ = {
			isa = XCSwiftPackageProductDependency;
			package = 7C51023F27A4115200037EE6 /* XCRemoteSwiftPackageReference "combine-schedulers" */;
			productName = CombineSchedulers;
		};
		7C51024227A4115B00037EE6 /* CombineSchedulers */ = {
			isa = XCSwiftPackageProductDependency;
			package = 7C51023F27A4115200037EE6 /* XCRemoteSwiftPackageReference "combine-schedulers" */;
			productName = CombineSchedulers;
		};
		7CF4CC4927A2CFD8003CE16F /* Ducks */ = {
			isa = XCSwiftPackageProductDependency;
			productName = Ducks;
		};
		7CF4CC4B27A2CFDF003CE16F /* Ducks */ = {
			isa = XCSwiftPackageProductDependency;
			productName = Ducks;
		};
/* End XCSwiftPackageProductDependency section */
	};
	rootObject = 7CF4CC2027A2CC2B003CE16F /* Project object */;
}
